
Microsoft Visual Studio Solution File, Format Version 12.00
Project("{FAE04EC0-301F-11D3-BF4B-00C04F79EFBC}") = "backend", "backend\backend.csproj", "{28DFF03D-6EA6-437A-B2EA-F6BA74FC41D3}"
EndProject
Project("{FAE04EC0-301F-11D3-BF4B-00C04F79EFBC}") = "identityserver", "identityserver\identityserver.csproj", "{EFF74229-C5FD-456D-8E25-985C1B4F282A}"
EndProject
Project("{FAE04EC0-301F-11D3-BF4B-00C04F79EFBC}") = "shared", "shared\shared.csproj", "{56F7E379-7997-4E3B-A6C1-05EDF9DD214D}"
EndProject
Global
	GlobalSection(SolutionConfigurationPlatforms) = preSolution
		Debug|Any CPU = Debug|Any CPU
		Release|Any CPU = Release|Any CPU
	EndGlobalSection
	GlobalSection(ProjectConfigurationPlatforms) = postSolution
		{28DFF03D-6EA6-437A-B2EA-F6BA74FC41D3}.Debug|Any CPU.ActiveCfg = Debug|Any CPU
		{28DFF03D-6EA6-437A-B2EA-F6BA74FC41D3}.Debug|Any CPU.Build.0 = Debug|Any CPU
		{28DFF03D-6EA6-437A-B2EA-F6BA74FC41D3}.Release|Any CPU.ActiveCfg = Release|Any CPU
		{28DFF03D-6EA6-437A-B2EA-F6BA74FC41D3}.Release|Any CPU.Build.0 = Release|Any CPU
		{EFF74229-C5FD-456D-8E25-985C1B4F282A}.Debug|Any CPU.ActiveCfg = Debug|Any CPU
		{EFF74229-C5FD-456D-8E25-985C1B4F282A}.Debug|Any CPU.Build.0 = Debug|Any CPU
		{EFF74229-C5FD-456D-8E25-985C1B4F282A}.Release|Any CPU.ActiveCfg = Release|Any CPU
		{EFF74229-C5FD-456D-8E25-985C1B4F282A}.Release|Any CPU.Build.0 = Release|Any CPU
		{56F7E379-7997-4E3B-A6C1-05EDF9DD214D}.Debug|Any CPU.ActiveCfg = Debug|Any CPU
		{56F7E379-7997-4E3B-A6C1-05EDF9DD214D}.Debug|Any CPU.Build.0 = Debug|Any CPU
		{56F7E379-7997-4E3B-A6C1-05EDF9DD214D}.Release|Any CPU.ActiveCfg = Release|Any CPU
		{56F7E379-7997-4E3B-A6C1-05EDF9DD214D}.Release|Any CPU.Build.0 = Release|Any CPU
	EndGlobalSection
EndGlobal
